<?xml version="1.0" encoding="UTF-8"?>
<!DOCTYPE plist PUBLIC "-//Apple//DTD PLIST 1.0//EN" "http://www.apple.com/DTDs/PropertyList-1.0.dtd">
<plist version="1.0">
<dict>
	<key>archiveVersion</key>
	<string>1</string>
	<key>classes</key>
	<dict/>
	<key>objectVersion</key>
	<string>46</string>
	<key>objects</key>
	<dict>
		<key>FE051FF9193DC360003DFC6F</key>
		<dict>
			<key>fileEncoding</key>
			<string>4</string>
			<key>isa</key>
			<string>PBXFileReference</string>
			<key>lastKnownFileType</key>
			<string>sourcecode.c.h</string>
			<key>path</key>
			<string>Person.h</string>
			<key>sourceTree</key>
			<string>&lt;group&gt;</string>
		</dict>
		<key>FE051FFA193DC360003DFC6F</key>
		<dict>
			<key>fileEncoding</key>
			<string>4</string>
			<key>isa</key>
			<string>PBXFileReference</string>
			<key>lastKnownFileType</key>
			<string>sourcecode.c.objc</string>
			<key>path</key>
			<string>Person.m</string>
			<key>sourceTree</key>
			<string>&lt;group&gt;</string>
		</dict>
		<key>FE051FFB193DC360003DFC6F</key>
		<dict>
			<key>fileRef</key>
			<string>FE051FFA193DC360003DFC6F</string>
			<key>isa</key>
			<string>PBXBuildFile</string>
		</dict>
		<key>FE051FFC193DC480003DFC6F</key>
		<dict>
			<key>children</key>
			<array>
				<string>FE051FFD193DE8D1003DFC6F</string>
				<string>FE051FFE193DE8D1003DFC6F</string>
				<string>FE403DB0193CD21100D3ABE0</string>
				<string>FE403DB1193CD21100D3ABE0</string>
				<string>FE051FF9193DC360003DFC6F</string>
				<string>FE051FFA193DC360003DFC6F</string>
			</array>
			<key>isa</key>
			<string>PBXGroup</string>
			<key>name</key>
			<string>model</string>
			<key>path</key>
			<string>model</string>
			<key>sourceTree</key>
			<string>&lt;group&gt;</string>
		</dict>
		<key>FE051FFD193DE8D1003DFC6F</key>
		<dict>
			<key>fileEncoding</key>
			<string>4</string>
			<key>isa</key>
			<string>PBXFileReference</string>
			<key>lastKnownFileType</key>
			<string>sourcecode.c.h</string>
			<key>path</key>
			<string>EuroConverter.h</string>
			<key>sourceTree</key>
			<string>&lt;group&gt;</string>
		</dict>
		<key>FE051FFE193DE8D1003DFC6F</key>
		<dict>
			<key>fileEncoding</key>
			<string>4</string>
			<key>isa</key>
			<string>PBXFileReference</string>
			<key>lastKnownFileType</key>
			<string>sourcecode.c.objc</string>
			<key>path</key>
			<string>EuroConverter.m</string>
			<key>sourceTree</key>
			<string>&lt;group&gt;</string>
		</dict>
		<key>FE051FFF193DE8D1003DFC6F</key>
		<dict>
			<key>fileRef</key>
			<string>FE051FFE193DE8D1003DFC6F</string>
			<key>isa</key>
			<string>PBXBuildFile</string>
		</dict>
		<key>FE052000193E0472003DFC6F</key>
		<dict>
			<key>fileEncoding</key>
			<string>4</string>
			<key>isa</key>
			<string>PBXFileReference</string>
			<key>lastKnownFileType</key>
			<string>file.storyboard</string>
			<key>path</key>
			<string>Storyboard.storyboard</string>
			<key>sourceTree</key>
			<string>&lt;group&gt;</string>
		</dict>
		<key>FE052001193E0472003DFC6F</key>
		<dict>
			<key>fileRef</key>
			<string>FE052000193E0472003DFC6F</string>
			<key>isa</key>
			<string>PBXBuildFile</string>
		</dict>
		<key>FE052002193E08BD003DFC6F</key>
		<dict>
			<key>children</key>
			<array>
				<string>FE052000193E0472003DFC6F</string>
			</array>
			<key>isa</key>
			<string>PBXGroup</string>
			<key>name</key>
			<string>View</string>
			<key>path</key>
			<string>View</string>
			<key>sourceTree</key>
			<string>&lt;group&gt;</string>
		</dict>
		<key>FE052003193E08C9003DFC6F</key>
		<dict>
			<key>children</key>
			<array>
				<string>FE052004193E0B87003DFC6F</string>
				<string>FE052005193E0B87003DFC6F</string>
				<string>FE052007193E0CA9003DFC6F</string>
				<string>FE052008193E0CA9003DFC6F</string>
				<string>FE05200A193E25DA003DFC6F</string>
				<string>FE05200B193E25DA003DFC6F</string>
			</array>
			<key>isa</key>
			<string>PBXGroup</string>
			<key>name</key>
			<string>Controller</string>
			<key>path</key>
			<string>Controller</string>
			<key>sourceTree</key>
			<string>&lt;group&gt;</string>
		</dict>
		<key>FE052004193E0B87003DFC6F</key>
		<dict>
			<key>fileEncoding</key>
			<string>4</string>
			<key>isa</key>
			<string>PBXFileReference</string>
			<key>lastKnownFileType</key>
			<string>sourcecode.c.h</string>
			<key>path</key>
			<string>EuroCalculatorViewController.h</string>
			<key>sourceTree</key>
			<string>&lt;group&gt;</string>
		</dict>
		<key>FE052005193E0B87003DFC6F</key>
		<dict>
			<key>fileEncoding</key>
			<string>4</string>
			<key>isa</key>
			<string>PBXFileReference</string>
			<key>lastKnownFileType</key>
			<string>sourcecode.c.objc</string>
			<key>path</key>
			<string>EuroCalculatorViewController.m</string>
			<key>sourceTree</key>
			<string>&lt;group&gt;</string>
		</dict>
		<key>FE052006193E0B87003DFC6F</key>
		<dict>
			<key>fileRef</key>
			<string>FE052005193E0B87003DFC6F</string>
			<key>isa</key>
			<string>PBXBuildFile</string>
		</dict>
		<key>FE052007193E0CA9003DFC6F</key>
		<dict>
			<key>fileEncoding</key>
			<string>4</string>
			<key>isa</key>
			<string>PBXFileReference</string>
			<key>lastKnownFileType</key>
			<string>sourcecode.c.h</string>
			<key>path</key>
			<string>EuroConverterViewController.h</string>
			<key>sourceTree</key>
			<string>&lt;group&gt;</string>
		</dict>
		<key>FE052008193E0CA9003DFC6F</key>
		<dict>
			<key>fileEncoding</key>
			<string>4</string>
			<key>isa</key>
			<string>PBXFileReference</string>
			<key>lastKnownFileType</key>
			<string>sourcecode.c.objc</string>
			<key>path</key>
			<string>EuroConverterViewController.m</string>
			<key>sourceTree</key>
			<string>&lt;group&gt;</string>
		</dict>
		<key>FE052009193E0CA9003DFC6F</key>
		<dict>
			<key>fileRef</key>
			<string>FE052008193E0CA9003DFC6F</string>
			<key>isa</key>
			<string>PBXBuildFile</string>
		</dict>
		<key>FE05200A193E25DA003DFC6F</key>
		<dict>
			<key>fileEncoding</key>
			<string>4</string>
			<key>isa</key>
			<string>PBXFileReference</string>
			<key>lastKnownFileType</key>
			<string>sourcecode.c.h</string>
			<key>path</key>
			<string>AlphaViewController.h</string>
			<key>sourceTree</key>
			<string>&lt;group&gt;</string>
		</dict>
		<key>FE05200B193E25DA003DFC6F</key>
		<dict>
			<key>fileEncoding</key>
			<string>4</string>
			<key>isa</key>
			<string>PBXFileReference</string>
			<key>lastKnownFileType</key>
			<string>sourcecode.c.objc</string>
			<key>path</key>
			<string>AlphaViewController.m</string>
			<key>sourceTree</key>
			<string>&lt;group&gt;</string>
		</dict>
		<key>FE05200C193E25DA003DFC6F</key>
		<dict>
			<key>fileRef</key>
			<string>FE05200B193E25DA003DFC6F</string>
			<key>isa</key>
			<string>PBXBuildFile</string>
		</dict>
		<key>FE05200D193E2836003DFC6F</key>
		<dict>
			<key>isa</key>
			<string>PBXFileReference</string>
			<key>lastKnownFileType</key>
			<string>image.jpeg</string>
			<key>name</key>
			<string>doors_fallas.jpg</string>
			<key>path</key>
			<string>../../../Downloads/doors_fallas.jpg</string>
			<key>sourceTree</key>
			<string>&lt;group&gt;</string>
		</dict>
		<key>FE05200E193E2836003DFC6F</key>
		<dict>
			<key>fileRef</key>
			<string>FE05200D193E2836003DFC6F</string>
			<key>isa</key>
			<string>PBXBuildFile</string>
		</dict>
		<key>FE05200F193E2C31003DFC6F</key>
		<dict>
			<key>isa</key>
			<string>PBXFileReference</string>
			<key>lastKnownFileType</key>
			<string>image.png</string>
			<key>path</key>
			<string>78299568.png</string>
			<key>sourceTree</key>
			<string>&lt;group&gt;</string>
		</dict>
		<key>FE052010193E2C31003DFC6F</key>
		<dict>
			<key>fileRef</key>
			<string>FE05200F193E2C31003DFC6F</string>
			<key>isa</key>
			<string>PBXBuildFile</string>
		</dict>
		<key>FE052011193E2FBC003DFC6F</key>
		<dict>
			<key>isa</key>
			<string>PBXFileReference</string>
			<key>lastKnownFileType</key>
			<string>image.jpeg</string>
			<key>path</key>
			<string>duquesa.jpg</string>
			<key>sourceTree</key>
			<string>&lt;group&gt;</string>
		</dict>
		<key>FE052012193E2FBC003DFC6F</key>
		<dict>
			<key>fileRef</key>
			<string>FE052011193E2FBC003DFC6F</string>
			<key>isa</key>
			<string>PBXBuildFile</string>
		</dict>
		<key>FE114262193F037C00F7EABA</key>
		<dict>
			<key>children</key>
			<array>
				<string>FE052011193E2FBC003DFC6F</string>
				<string>FE05200F193E2C31003DFC6F</string>
				<string>FE05200D193E2836003DFC6F</string>
			</array>
			<key>isa</key>
			<string>PBXGroup</string>
			<key>name</key>
			<string>artwork</string>
			<key>path</key>
			<string>artwork</string>
			<key>sourceTree</key>
			<string>&lt;group&gt;</string>
		</dict>
		<key>FE403D75193CCFE100D3ABE0</key>
		<dict>
			<key>children</key>
			<array>
				<string>FE114262193F037C00F7EABA</string>
				<string>FE403D87193CCFE100D3ABE0</string>
				<string>FE403DA0193CCFE100D3ABE0</string>
				<string>FE403D80193CCFE100D3ABE0</string>
				<string>FE403D7F193CCFE100D3ABE0</string>
			</array>
			<key>isa</key>
			<string>PBXGroup</string>
			<key>sourceTree</key>
			<string>&lt;group&gt;</string>
		</dict>
		<key>FE403D76193CCFE100D3ABE0</key>
		<dict>
			<key>attributes</key>
			<dict>
				<key>LastUpgradeCheck</key>
				<string>0510</string>
				<key>ORGANIZATIONNAME</key>
				<string>IronHack</string>
				<key>TargetAttributes</key>
				<dict>
					<key>FE403D98193CCFE100D3ABE0</key>
					<dict>
						<key>TestTargetID</key>
						<string>FE403D7D193CCFE100D3ABE0</string>
					</dict>
				</dict>
			</dict>
			<key>buildConfigurationList</key>
			<string>FE403D79193CCFE100D3ABE0</string>
			<key>compatibilityVersion</key>
			<string>Xcode 3.2</string>
			<key>developmentRegion</key>
			<string>English</string>
			<key>hasScannedForEncodings</key>
			<string>0</string>
			<key>isa</key>
			<string>PBXProject</string>
			<key>knownRegions</key>
			<array>
				<string>en</string>
			</array>
			<key>mainGroup</key>
			<string>FE403D75193CCFE100D3ABE0</string>
			<key>productRefGroup</key>
			<string>FE403D7F193CCFE100D3ABE0</string>
			<key>projectDirPath</key>
			<string></string>
			<key>projectReferences</key>
			<array/>
			<key>projectRoot</key>
			<string></string>
			<key>targets</key>
			<array>
				<string>FE403D7D193CCFE100D3ABE0</string>
				<string>FE403D98193CCFE100D3ABE0</string>
			</array>
		</dict>
		<key>FE403D79193CCFE100D3ABE0</key>
		<dict>
			<key>buildConfigurations</key>
			<array>
				<string>FE403DA8193CCFE100D3ABE0</string>
				<string>FE403DA9193CCFE100D3ABE0</string>
			</array>
			<key>defaultConfigurationIsVisible</key>
			<string>0</string>
			<key>defaultConfigurationName</key>
			<string>Release</string>
			<key>isa</key>
			<string>XCConfigurationList</string>
		</dict>
		<key>FE403D7A193CCFE100D3ABE0</key>
		<dict>
			<key>buildActionMask</key>
			<string>2147483647</string>
			<key>files</key>
			<array>
				<string>FE403DB2193CD21100D3ABE0</string>
				<string>FE052006193E0B87003DFC6F</string>
				<string>FE052009193E0CA9003DFC6F</string>
				<string>FE403D92193CCFE100D3ABE0</string>
				<string>FE051FFB193DC360003DFC6F</string>
				<string>FE05200C193E25DA003DFC6F</string>
				<string>FE051FFF193DE8D1003DFC6F</string>
				<string>FE403D8E193CCFE100D3ABE0</string>
			</array>
			<key>isa</key>
			<string>PBXSourcesBuildPhase</string>
			<key>runOnlyForDeploymentPostprocessing</key>
			<string>0</string>
		</dict>
		<key>FE403D7B193CCFE100D3ABE0</key>
		<dict>
			<key>buildActionMask</key>
			<string>2147483647</string>
			<key>files</key>
			<array>
				<string>FE403D84193CCFE100D3ABE0</string>
				<string>FE403D86193CCFE100D3ABE0</string>
				<string>FE403D82193CCFE100D3ABE0</string>
			</array>
			<key>isa</key>
			<string>PBXFrameworksBuildPhase</string>
			<key>runOnlyForDeploymentPostprocessing</key>
			<string>0</string>
		</dict>
		<key>FE403D7C193CCFE100D3ABE0</key>
		<dict>
			<key>buildActionMask</key>
			<string>2147483647</string>
			<key>files</key>
			<array>
				<string>FE052010193E2C31003DFC6F</string>
				<string>FE05200E193E2836003DFC6F</string>
				<string>FE052012193E2FBC003DFC6F</string>
				<string>FE403D8C193CCFE100D3ABE0</string>
				<string>FE403D94193CCFE100D3ABE0</string>
				<string>FE052001193E0472003DFC6F</string>
			</array>
			<key>isa</key>
			<string>PBXResourcesBuildPhase</string>
			<key>runOnlyForDeploymentPostprocessing</key>
			<string>0</string>
		</dict>
		<key>FE403D7D193CCFE100D3ABE0</key>
		<dict>
			<key>buildConfigurationList</key>
			<string>FE403DAA193CCFE100D3ABE0</string>
			<key>buildPhases</key>
			<array>
				<string>FE403D7A193CCFE100D3ABE0</string>
				<string>FE403D7B193CCFE100D3ABE0</string>
				<string>FE403D7C193CCFE100D3ABE0</string>
			</array>
			<key>buildRules</key>
			<array/>
			<key>dependencies</key>
			<array/>
			<key>isa</key>
			<string>PBXNativeTarget</string>
			<key>name</key>
			<string>Beers</string>
			<key>productName</key>
			<string>Beers</string>
			<key>productReference</key>
			<string>FE403D7E193CCFE100D3ABE0</string>
			<key>productType</key>
			<string>com.apple.product-type.application</string>
		</dict>
		<key>FE403D7E193CCFE100D3ABE0</key>
		<dict>
			<key>explicitFileType</key>
			<string>wrapper.application</string>
			<key>includeInIndex</key>
			<string>0</string>
			<key>isa</key>
			<string>PBXFileReference</string>
			<key>path</key>
			<string>Beers.app</string>
			<key>sourceTree</key>
			<string>BUILT_PRODUCTS_DIR</string>
		</dict>
		<key>FE403D7F193CCFE100D3ABE0</key>
		<dict>
			<key>children</key>
			<array>
				<string>FE403D7E193CCFE100D3ABE0</string>
				<string>FE403D99193CCFE100D3ABE0</string>
			</array>
			<key>isa</key>
			<string>PBXGroup</string>
			<key>name</key>
			<string>Products</string>
			<key>sourceTree</key>
			<string>&lt;group&gt;</string>
		</dict>
		<key>FE403D80193CCFE100D3ABE0</key>
		<dict>
			<key>children</key>
			<array>
				<string>FE403D81193CCFE100D3ABE0</string>
				<string>FE403D83193CCFE100D3ABE0</string>
				<string>FE403D85193CCFE100D3ABE0</string>
				<string>FE403D9A193CCFE100D3ABE0</string>
			</array>
			<key>isa</key>
			<string>PBXGroup</string>
			<key>name</key>
			<string>Frameworks</string>
			<key>sourceTree</key>
			<string>&lt;group&gt;</string>
		</dict>
		<key>FE403D81193CCFE100D3ABE0</key>
		<dict>
			<key>isa</key>
			<string>PBXFileReference</string>
			<key>lastKnownFileType</key>
			<string>wrapper.framework</string>
			<key>name</key>
			<string>Foundation.framework</string>
			<key>path</key>
			<string>System/Library/Frameworks/Foundation.framework</string>
			<key>sourceTree</key>
			<string>SDKROOT</string>
		</dict>
		<key>FE403D82193CCFE100D3ABE0</key>
		<dict>
			<key>fileRef</key>
			<string>FE403D81193CCFE100D3ABE0</string>
			<key>isa</key>
			<string>PBXBuildFile</string>
		</dict>
		<key>FE403D83193CCFE100D3ABE0</key>
		<dict>
			<key>isa</key>
			<string>PBXFileReference</string>
			<key>lastKnownFileType</key>
			<string>wrapper.framework</string>
			<key>name</key>
			<string>CoreGraphics.framework</string>
			<key>path</key>
			<string>System/Library/Frameworks/CoreGraphics.framework</string>
			<key>sourceTree</key>
			<string>SDKROOT</string>
		</dict>
		<key>FE403D84193CCFE100D3ABE0</key>
		<dict>
			<key>fileRef</key>
			<string>FE403D83193CCFE100D3ABE0</string>
			<key>isa</key>
			<string>PBXBuildFile</string>
		</dict>
		<key>FE403D85193CCFE100D3ABE0</key>
		<dict>
			<key>isa</key>
			<string>PBXFileReference</string>
			<key>lastKnownFileType</key>
			<string>wrapper.framework</string>
			<key>name</key>
			<string>UIKit.framework</string>
			<key>path</key>
			<string>System/Library/Frameworks/UIKit.framework</string>
			<key>sourceTree</key>
			<string>SDKROOT</string>
		</dict>
		<key>FE403D86193CCFE100D3ABE0</key>
		<dict>
			<key>fileRef</key>
			<string>FE403D85193CCFE100D3ABE0</string>
			<key>isa</key>
			<string>PBXBuildFile</string>
		</dict>
		<key>FE403D87193CCFE100D3ABE0</key>
		<dict>
			<key>children</key>
			<array>
				<string>FE403D90193CCFE100D3ABE0</string>
				<string>FE403D91193CCFE100D3ABE0</string>
				<string>FE403D93193CCFE100D3ABE0</string>
				<string>FE403D88193CCFE100D3ABE0</string>
				<string>FE051FFC193DC480003DFC6F</string>
				<string>FE052003193E08C9003DFC6F</string>
				<string>FE052002193E08BD003DFC6F</string>
			</array>
			<key>isa</key>
			<string>PBXGroup</string>
			<key>path</key>
			<string>Beers</string>
			<key>sourceTree</key>
			<string>&lt;group&gt;</string>
		</dict>
		<key>FE403D88193CCFE100D3ABE0</key>
		<dict>
			<key>children</key>
			<array>
				<string>FE403D89193CCFE100D3ABE0</string>
				<string>FE403D8A193CCFE100D3ABE0</string>
				<string>FE403D8D193CCFE100D3ABE0</string>
				<string>FE403D8F193CCFE100D3ABE0</string>
			</array>
			<key>isa</key>
			<string>PBXGroup</string>
			<key>name</key>
			<string>Supporting Files</string>
			<key>path</key>
			<string>Supporting Files</string>
			<key>sourceTree</key>
			<string>&lt;group&gt;</string>
		</dict>
		<key>FE403D89193CCFE100D3ABE0</key>
		<dict>
			<key>isa</key>
			<string>PBXFileReference</string>
			<key>lastKnownFileType</key>
			<string>text.plist.xml</string>
			<key>path</key>
			<string>Beers-Info.plist</string>
			<key>sourceTree</key>
			<string>&lt;group&gt;</string>
		</dict>
		<key>FE403D8A193CCFE100D3ABE0</key>
		<dict>
			<key>children</key>
			<array>
				<string>FE403D8B193CCFE100D3ABE0</string>
			</array>
			<key>isa</key>
			<string>PBXVariantGroup</string>
			<key>name</key>
			<string>InfoPlist.strings</string>
			<key>sourceTree</key>
			<string>&lt;group&gt;</string>
		</dict>
		<key>FE403D8B193CCFE100D3ABE0</key>
		<dict>
			<key>isa</key>
			<string>PBXFileReference</string>
			<key>lastKnownFileType</key>
			<string>text.plist.strings</string>
			<key>name</key>
			<string>en</string>
			<key>path</key>
			<string>en.lproj/InfoPlist.strings</string>
			<key>sourceTree</key>
			<string>&lt;group&gt;</string>
		</dict>
		<key>FE403D8C193CCFE100D3ABE0</key>
		<dict>
			<key>fileRef</key>
			<string>FE403D8A193CCFE100D3ABE0</string>
			<key>isa</key>
			<string>PBXBuildFile</string>
		</dict>
		<key>FE403D8D193CCFE100D3ABE0</key>
		<dict>
			<key>isa</key>
			<string>PBXFileReference</string>
			<key>lastKnownFileType</key>
			<string>sourcecode.c.objc</string>
			<key>path</key>
			<string>main.m</string>
			<key>sourceTree</key>
			<string>&lt;group&gt;</string>
		</dict>
		<key>FE403D8E193CCFE100D3ABE0</key>
		<dict>
			<key>fileRef</key>
			<string>FE403D8D193CCFE100D3ABE0</string>
			<key>isa</key>
			<string>PBXBuildFile</string>
		</dict>
		<key>FE403D8F193CCFE100D3ABE0</key>
		<dict>
			<key>isa</key>
			<string>PBXFileReference</string>
			<key>lastKnownFileType</key>
			<string>sourcecode.c.h</string>
			<key>path</key>
			<string>Beers-Prefix.pch</string>
			<key>sourceTree</key>
			<string>&lt;group&gt;</string>
		</dict>
		<key>FE403D90193CCFE100D3ABE0</key>
		<dict>
			<key>isa</key>
			<string>PBXFileReference</string>
			<key>lastKnownFileType</key>
			<string>sourcecode.c.h</string>
			<key>path</key>
			<string>AppDelegate.h</string>
			<key>sourceTree</key>
			<string>&lt;group&gt;</string>
		</dict>
		<key>FE403D91193CCFE100D3ABE0</key>
		<dict>
			<key>isa</key>
			<string>PBXFileReference</string>
			<key>lastKnownFileType</key>
			<string>sourcecode.c.objc</string>
			<key>path</key>
			<string>AppDelegate.m</string>
			<key>sourceTree</key>
			<string>&lt;group&gt;</string>
		</dict>
		<key>FE403D92193CCFE100D3ABE0</key>
		<dict>
			<key>fileRef</key>
			<string>FE403D91193CCFE100D3ABE0</string>
			<key>isa</key>
			<string>PBXBuildFile</string>
		</dict>
		<key>FE403D93193CCFE100D3ABE0</key>
		<dict>
			<key>isa</key>
			<string>PBXFileReference</string>
			<key>lastKnownFileType</key>
			<string>folder.assetcatalog</string>
			<key>path</key>
			<string>Images.xcassets</string>
			<key>sourceTree</key>
			<string>&lt;group&gt;</string>
		</dict>
		<key>FE403D94193CCFE100D3ABE0</key>
		<dict>
			<key>fileRef</key>
			<string>FE403D93193CCFE100D3ABE0</string>
			<key>isa</key>
			<string>PBXBuildFile</string>
		</dict>
		<key>FE403D95193CCFE100D3ABE0</key>
		<dict>
			<key>buildActionMask</key>
			<string>2147483647</string>
			<key>files</key>
			<array>
				<string>FE403DA7193CCFE100D3ABE0</string>
			</array>
			<key>isa</key>
			<string>PBXSourcesBuildPhase</string>
			<key>runOnlyForDeploymentPostprocessing</key>
			<string>0</string>
		</dict>
		<key>FE403D96193CCFE100D3ABE0</key>
		<dict>
			<key>buildActionMask</key>
			<string>2147483647</string>
			<key>files</key>
			<array>
				<string>FE403D9B193CCFE100D3ABE0</string>
				<string>FE403D9D193CCFE100D3ABE0</string>
				<string>FE403D9C193CCFE100D3ABE0</string>
			</array>
			<key>isa</key>
			<string>PBXFrameworksBuildPhase</string>
			<key>runOnlyForDeploymentPostprocessing</key>
			<string>0</string>
		</dict>
		<key>FE403D97193CCFE100D3ABE0</key>
		<dict>
			<key>buildActionMask</key>
			<string>2147483647</string>
			<key>files</key>
			<array>
				<string>FE403DA5193CCFE100D3ABE0</string>
			</array>
			<key>isa</key>
			<string>PBXResourcesBuildPhase</string>
			<key>runOnlyForDeploymentPostprocessing</key>
			<string>0</string>
		</dict>
		<key>FE403D98193CCFE100D3ABE0</key>
		<dict>
			<key>buildConfigurationList</key>
			<string>FE403DAD193CCFE100D3ABE0</string>
			<key>buildPhases</key>
			<array>
				<string>FE403D95193CCFE100D3ABE0</string>
				<string>FE403D96193CCFE100D3ABE0</string>
				<string>FE403D97193CCFE100D3ABE0</string>
			</array>
			<key>buildRules</key>
			<array/>
			<key>dependencies</key>
			<array>
				<string>FE403D9F193CCFE100D3ABE0</string>
			</array>
			<key>isa</key>
			<string>PBXNativeTarget</string>
			<key>name</key>
			<string>BeersTests</string>
			<key>productName</key>
			<string>BeersTests</string>
			<key>productReference</key>
			<string>FE403D99193CCFE100D3ABE0</string>
			<key>productType</key>
			<string>com.apple.product-type.bundle.unit-test</string>
		</dict>
		<key>FE403D99193CCFE100D3ABE0</key>
		<dict>
			<key>explicitFileType</key>
			<string>wrapper.cfbundle</string>
			<key>includeInIndex</key>
			<string>0</string>
			<key>isa</key>
			<string>PBXFileReference</string>
			<key>path</key>
			<string>BeersTests.xctest</string>
			<key>sourceTree</key>
			<string>BUILT_PRODUCTS_DIR</string>
		</dict>
		<key>FE403D9A193CCFE100D3ABE0</key>
		<dict>
			<key>isa</key>
			<string>PBXFileReference</string>
			<key>lastKnownFileType</key>
			<string>wrapper.framework</string>
			<key>name</key>
			<string>XCTest.framework</string>
			<key>path</key>
			<string>Library/Frameworks/XCTest.framework</string>
			<key>sourceTree</key>
			<string>DEVELOPER_DIR</string>
		</dict>
		<key>FE403D9B193CCFE100D3ABE0</key>
		<dict>
			<key>fileRef</key>
			<string>FE403D9A193CCFE100D3ABE0</string>
			<key>isa</key>
			<string>PBXBuildFile</string>
		</dict>
		<key>FE403D9C193CCFE100D3ABE0</key>
		<dict>
			<key>fileRef</key>
			<string>FE403D81193CCFE100D3ABE0</string>
			<key>isa</key>
			<string>PBXBuildFile</string>
		</dict>
		<key>FE403D9D193CCFE100D3ABE0</key>
		<dict>
			<key>fileRef</key>
			<string>FE403D85193CCFE100D3ABE0</string>
			<key>isa</key>
			<string>PBXBuildFile</string>
		</dict>
		<key>FE403D9E193CCFE100D3ABE0</key>
		<dict>
			<key>containerPortal</key>
			<string>FE403D76193CCFE100D3ABE0</string>
			<key>isa</key>
			<string>PBXContainerItemProxy</string>
			<key>proxyType</key>
			<string>1</string>
			<key>remoteGlobalIDString</key>
			<string>FE403D7D193CCFE100D3ABE0</string>
			<key>remoteInfo</key>
			<string>Beers</string>
		</dict>
		<key>FE403D9F193CCFE100D3ABE0</key>
		<dict>
			<key>isa</key>
			<string>PBXTargetDependency</string>
			<key>target</key>
			<string>FE403D7D193CCFE100D3ABE0</string>
			<key>targetProxy</key>
			<string>FE403D9E193CCFE100D3ABE0</string>
		</dict>
		<key>FE403DA0193CCFE100D3ABE0</key>
		<dict>
			<key>children</key>
			<array>
				<string>FE403DA6193CCFE100D3ABE0</string>
				<string>FE403DA1193CCFE100D3ABE0</string>
			</array>
			<key>isa</key>
			<string>PBXGroup</string>
			<key>path</key>
			<string>BeersTests</string>
			<key>sourceTree</key>
			<string>&lt;group&gt;</string>
		</dict>
		<key>FE403DA1193CCFE100D3ABE0</key>
		<dict>
			<key>children</key>
			<array>
				<string>FE403DA2193CCFE100D3ABE0</string>
				<string>FE403DA3193CCFE100D3ABE0</string>
			</array>
			<key>isa</key>
			<string>PBXGroup</string>
			<key>name</key>
			<string>Supporting Files</string>
			<key>path</key>
			<string>Supporting Files</string>
			<key>sourceTree</key>
			<string>&lt;group&gt;</string>
		</dict>
		<key>FE403DA2193CCFE100D3ABE0</key>
		<dict>
			<key>isa</key>
			<string>PBXFileReference</string>
			<key>lastKnownFileType</key>
			<string>text.plist.xml</string>
			<key>path</key>
			<string>BeersTests-Info.plist</string>
			<key>sourceTree</key>
			<string>&lt;group&gt;</string>
		</dict>
		<key>FE403DA3193CCFE100D3ABE0</key>
		<dict>
			<key>children</key>
			<array>
				<string>FE403DA4193CCFE100D3ABE0</string>
			</array>
			<key>isa</key>
			<string>PBXVariantGroup</string>
			<key>name</key>
			<string>InfoPlist.strings</string>
			<key>sourceTree</key>
			<string>&lt;group&gt;</string>
		</dict>
		<key>FE403DA4193CCFE100D3ABE0</key>
		<dict>
			<key>isa</key>
			<string>PBXFileReference</string>
			<key>lastKnownFileType</key>
			<string>text.plist.strings</string>
			<key>name</key>
			<string>en</string>
			<key>path</key>
			<string>en.lproj/InfoPlist.strings</string>
			<key>sourceTree</key>
			<string>&lt;group&gt;</string>
		</dict>
		<key>FE403DA5193CCFE100D3ABE0</key>
		<dict>
			<key>fileRef</key>
			<string>FE403DA3193CCFE100D3ABE0</string>
			<key>isa</key>
			<string>PBXBuildFile</string>
		</dict>
		<key>FE403DA6193CCFE100D3ABE0</key>
		<dict>
			<key>isa</key>
			<string>PBXFileReference</string>
			<key>lastKnownFileType</key>
			<string>sourcecode.c.objc</string>
			<key>path</key>
			<string>BeersTests.m</string>
			<key>sourceTree</key>
			<string>&lt;group&gt;</string>
		</dict>
		<key>FE403DA7193CCFE100D3ABE0</key>
		<dict>
			<key>fileRef</key>
			<string>FE403DA6193CCFE100D3ABE0</string>
			<key>isa</key>
			<string>PBXBuildFile</string>
		</dict>
		<key>FE403DA8193CCFE100D3ABE0</key>
		<dict>
			<key>buildSettings</key>
			<dict>
				<key>ALWAYS_SEARCH_USER_PATHS</key>
				<string>NO</string>
				<key>CLANG_CXX_LANGUAGE_STANDARD</key>
				<string>gnu++0x</string>
				<key>CLANG_CXX_LIBRARY</key>
				<string>libc++</string>
				<key>CLANG_ENABLE_MODULES</key>
				<string>YES</string>
				<key>CLANG_ENABLE_OBJC_ARC</key>
				<string>YES</string>
				<key>CLANG_WARN_BOOL_CONVERSION</key>
				<string>YES</string>
				<key>CLANG_WARN_CONSTANT_CONVERSION</key>
				<string>YES</string>
				<key>CLANG_WARN_DIRECT_OBJC_ISA_USAGE</key>
				<string>YES_ERROR</string>
				<key>CLANG_WARN_EMPTY_BODY</key>
				<string>YES</string>
				<key>CLANG_WARN_ENUM_CONVERSION</key>
				<string>YES</string>
				<key>CLANG_WARN_INT_CONVERSION</key>
				<string>YES</string>
				<key>CLANG_WARN_OBJC_ROOT_CLASS</key>
				<string>YES_ERROR</string>
				<key>CLANG_WARN__DUPLICATE_METHOD_MATCH</key>
				<string>YES</string>
				<key>CODE_SIGN_IDENTITY[sdk=iphoneos*]</key>
				<string>iPhone Developer</string>
				<key>COPY_PHASE_STRIP</key>
				<string>NO</string>
				<key>GCC_C_LANGUAGE_STANDARD</key>
				<string>gnu99</string>
				<key>GCC_DYNAMIC_NO_PIC</key>
				<string>NO</string>
				<key>GCC_OPTIMIZATION_LEVEL</key>
				<string>0</string>
				<key>GCC_PREPROCESSOR_DEFINITIONS</key>
				<array>
					<string>DEBUG=1</string>
					<string>$(inherited)</string>
				</array>
				<key>GCC_SYMBOLS_PRIVATE_EXTERN</key>
				<string>NO</string>
				<key>GCC_WARN_64_TO_32_BIT_CONVERSION</key>
				<string>YES</string>
				<key>GCC_WARN_ABOUT_RETURN_TYPE</key>
				<string>YES_ERROR</string>
				<key>GCC_WARN_UNDECLARED_SELECTOR</key>
				<string>YES</string>
				<key>GCC_WARN_UNINITIALIZED_AUTOS</key>
				<string>YES_AGGRESSIVE</string>
				<key>GCC_WARN_UNUSED_FUNCTION</key>
				<string>YES</string>
				<key>GCC_WARN_UNUSED_VARIABLE</key>
				<string>YES</string>
				<key>IPHONEOS_DEPLOYMENT_TARGET</key>
				<string>7.1</string>
				<key>ONLY_ACTIVE_ARCH</key>
				<string>YES</string>
				<key>SDKROOT</key>
				<string>iphoneos</string>
			</dict>
			<key>isa</key>
			<string>XCBuildConfiguration</string>
			<key>name</key>
			<string>Debug</string>
		</dict>
		<key>FE403DA9193CCFE100D3ABE0</key>
		<dict>
			<key>buildSettings</key>
			<dict>
				<key>ALWAYS_SEARCH_USER_PATHS</key>
				<string>NO</string>
				<key>CLANG_CXX_LANGUAGE_STANDARD</key>
				<string>gnu++0x</string>
				<key>CLANG_CXX_LIBRARY</key>
				<string>libc++</string>
				<key>CLANG_ENABLE_MODULES</key>
				<string>YES</string>
				<key>CLANG_ENABLE_OBJC_ARC</key>
				<string>YES</string>
				<key>CLANG_WARN_BOOL_CONVERSION</key>
				<string>YES</string>
				<key>CLANG_WARN_CONSTANT_CONVERSION</key>
				<string>YES</string>
				<key>CLANG_WARN_DIRECT_OBJC_ISA_USAGE</key>
				<string>YES_ERROR</string>
				<key>CLANG_WARN_EMPTY_BODY</key>
				<string>YES</string>
				<key>CLANG_WARN_ENUM_CONVERSION</key>
				<string>YES</string>
				<key>CLANG_WARN_INT_CONVERSION</key>
				<string>YES</string>
				<key>CLANG_WARN_OBJC_ROOT_CLASS</key>
				<string>YES_ERROR</string>
				<key>CLANG_WARN__DUPLICATE_METHOD_MATCH</key>
				<string>YES</string>
				<key>CODE_SIGN_IDENTITY[sdk=iphoneos*]</key>
				<string>iPhone Developer</string>
				<key>COPY_PHASE_STRIP</key>
				<string>YES</string>
				<key>ENABLE_NS_ASSERTIONS</key>
				<string>NO</string>
				<key>GCC_C_LANGUAGE_STANDARD</key>
				<string>gnu99</string>
				<key>GCC_WARN_64_TO_32_BIT_CONVERSION</key>
				<string>YES</string>
				<key>GCC_WARN_ABOUT_RETURN_TYPE</key>
				<string>YES_ERROR</string>
				<key>GCC_WARN_UNDECLARED_SELECTOR</key>
				<string>YES</string>
				<key>GCC_WARN_UNINITIALIZED_AUTOS</key>
				<string>YES_AGGRESSIVE</string>
				<key>GCC_WARN_UNUSED_FUNCTION</key>
				<string>YES</string>
				<key>GCC_WARN_UNUSED_VARIABLE</key>
				<string>YES</string>
				<key>IPHONEOS_DEPLOYMENT_TARGET</key>
				<string>7.1</string>
				<key>SDKROOT</key>
				<string>iphoneos</string>
				<key>VALIDATE_PRODUCT</key>
				<string>YES</string>
			</dict>
			<key>isa</key>
			<string>XCBuildConfiguration</string>
			<key>name</key>
			<string>Release</string>
		</dict>
		<key>FE403DAA193CCFE100D3ABE0</key>
		<dict>
			<key>buildConfigurations</key>
			<array>
				<string>FE403DAB193CCFE100D3ABE0</string>
				<string>FE403DAC193CCFE100D3ABE0</string>
			</array>
			<key>defaultConfigurationIsVisible</key>
			<string>0</string>
			<key>defaultConfigurationName</key>
			<string>Release</string>
			<key>isa</key>
			<string>XCConfigurationList</string>
		</dict>
		<key>FE403DAB193CCFE100D3ABE0</key>
		<dict>
			<key>buildSettings</key>
			<dict>
				<key>ASSETCATALOG_COMPILER_APPICON_NAME</key>
				<string>AppIcon</string>
				<key>ASSETCATALOG_COMPILER_LAUNCHIMAGE_NAME</key>
				<string>LaunchImage</string>
				<key>GCC_PRECOMPILE_PREFIX_HEADER</key>
				<string>YES</string>
				<key>GCC_PREFIX_HEADER</key>
				<string>Beers/Supporting Files/Beers-Prefix.pch</string>
				<key>INFOPLIST_FILE</key>
				<string>Beers/Supporting Files/Beers-Info.plist</string>
				<key>PRODUCT_NAME</key>
				<string>$(TARGET_NAME)</string>
				<key>WRAPPER_EXTENSION</key>
				<string>app</string>
			</dict>
			<key>isa</key>
			<string>XCBuildConfiguration</string>
			<key>name</key>
			<string>Debug</string>
		</dict>
		<key>FE403DAC193CCFE100D3ABE0</key>
		<dict>
			<key>buildSettings</key>
			<dict>
				<key>ASSETCATALOG_COMPILER_APPICON_NAME</key>
				<string>AppIcon</string>
				<key>ASSETCATALOG_COMPILER_LAUNCHIMAGE_NAME</key>
				<string>LaunchImage</string>
				<key>GCC_PRECOMPILE_PREFIX_HEADER</key>
				<string>YES</string>
				<key>GCC_PREFIX_HEADER</key>
				<string>Beers/Supporting Files/Beers-Prefix.pch</string>
				<key>INFOPLIST_FILE</key>
				<string>Beers/Supporting Files/Beers-Info.plist</string>
				<key>PRODUCT_NAME</key>
				<string>$(TARGET_NAME)</string>
				<key>WRAPPER_EXTENSION</key>
				<string>app</string>
			</dict>
			<key>isa</key>
			<string>XCBuildConfiguration</string>
			<key>name</key>
			<string>Release</string>
		</dict>
		<key>FE403DAD193CCFE100D3ABE0</key>
		<dict>
			<key>buildConfigurations</key>
			<array>
				<string>FE403DAE193CCFE100D3ABE0</string>
				<string>FE403DAF193CCFE100D3ABE0</string>
			</array>
			<key>defaultConfigurationIsVisible</key>
			<string>0</string>
			<key>defaultConfigurationName</key>
			<string>Release</string>
			<key>isa</key>
			<string>XCConfigurationList</string>
		</dict>
		<key>FE403DAE193CCFE100D3ABE0</key>
		<dict>
			<key>buildSettings</key>
			<dict>
				<key>BUNDLE_LOADER</key>
				<string>$(BUILT_PRODUCTS_DIR)/Beers.app/Beers</string>
				<key>FRAMEWORK_SEARCH_PATHS</key>
				<array>
					<string>$(SDKROOT)/Developer/Library/Frameworks</string>
					<string>$(inherited)</string>
					<string>$(DEVELOPER_FRAMEWORKS_DIR)</string>
				</array>
				<key>GCC_PRECOMPILE_PREFIX_HEADER</key>
				<string>YES</string>
				<key>GCC_PREFIX_HEADER</key>
				<string>Beers/Supporting Files/Beers-Prefix.pch</string>
				<key>GCC_PREPROCESSOR_DEFINITIONS</key>
				<array>
					<string>DEBUG=1</string>
					<string>$(inherited)</string>
				</array>
				<key>INFOPLIST_FILE</key>
				<string>BeersTests/Supporting Files/BeersTests-Info.plist</string>
				<key>PRODUCT_NAME</key>
				<string>$(TARGET_NAME)</string>
				<key>TEST_HOST</key>
				<string>$(BUNDLE_LOADER)</string>
				<key>WRAPPER_EXTENSION</key>
				<string>xctest</string>
			</dict>
			<key>isa</key>
			<string>XCBuildConfiguration</string>
			<key>name</key>
			<string>Debug</string>
		</dict>
		<key>FE403DAF193CCFE100D3ABE0</key>
		<dict>
			<key>buildSettings</key>
			<dict>
				<key>BUNDLE_LOADER</key>
				<string>$(BUILT_PRODUCTS_DIR)/Beers.app/Beers</string>
				<key>FRAMEWORK_SEARCH_PATHS</key>
				<array>
					<string>$(SDKROOT)/Developer/Library/Frameworks</string>
					<string>$(inherited)</string>
					<string>$(DEVELOPER_FRAMEWORKS_DIR)</string>
				</array>
				<key>GCC_PRECOMPILE_PREFIX_HEADER</key>
				<string>YES</string>
				<key>GCC_PREFIX_HEADER</key>
				<string>Beers/Supporting Files/Beers-Prefix.pch</string>
				<key>INFOPLIST_FILE</key>
				<string>BeersTests/Supporting Files/BeersTests-Info.plist</string>
				<key>PRODUCT_NAME</key>
				<string>$(TARGET_NAME)</string>
				<key>TEST_HOST</key>
				<string>$(BUNDLE_LOADER)</string>
				<key>WRAPPER_EXTENSION</key>
				<string>xctest</string>
			</dict>
			<key>isa</key>
			<string>XCBuildConfiguration</string>
			<key>name</key>
			<string>Release</string>
		</dict>
		<key>FE403DB0193CD21100D3ABE0</key>
		<dict>
			<key>fileEncoding</key>
			<string>4</string>
			<key>isa</key>
			<string>PBXFileReference</string>
			<key>lastKnownFileType</key>
			<string>sourcecode.c.h</string>
			<key>path</key>
			<string>Beer.h</string>
			<key>sourceTree</key>
			<string>&lt;group&gt;</string>
		</dict>
		<key>FE403DB1193CD21100D3ABE0</key>
		<dict>
			<key>fileEncoding</key>
			<string>4</string>
			<key>isa</key>
			<string>PBXFileReference</string>
			<key>lastKnownFileType</key>
			<string>sourcecode.c.objc</string>
			<key>path</key>
			<string>Beer.m</string>
			<key>sourceTree</key>
			<string>&lt;group&gt;</string>
		</dict>
		<key>FE403DB2193CD21100D3ABE0</key>
		<dict>
			<key>fileRef</key>
			<string>FE403DB1193CD21100D3ABE0</string>
			<key>isa</key>
			<string>PBXBuildFile</string>
		</dict>
	</dict>
	<key>rootObject</key>
	<string>FE403D76193CCFE100D3ABE0</string>
</dict>
</plist>
